
Microsoft Visual Studio Solution File, Format Version 12.00
# Visual Studio Version 17
VisualStudioVersion = 17.14.36121.58
MinimumVisualStudioVersion = 10.0.40219.1
Project("{FAE04EC0-301F-11D3-BF4B-00C04F79EFBC}") = "WeatherForecastApplication.Web", "WeatherForecastApplication.Web\WeatherForecastApplication.Web.csproj", "{D50891BF-02F5-47D6-AA6E-70C9A70ED690}"
EndProject
Project("{FAE04EC0-301F-11D3-BF4B-00C04F79EFBC}") = "WeatherForecastApplication.IntegrationTesting", "WeatherForecastApplication.IntegrationTesting\WeatherForecastApplication.IntegrationTesting.csproj", "{8CA78809-2DC7-4979-800B-A98E4F123EAB}"
EndProject
Global
	GlobalSection(SolutionConfigurationPlatforms) = preSolution
		Debug|Any CPU = Debug|Any CPU
		Release|Any CPU = Release|Any CPU
	EndGlobalSection
	GlobalSection(ProjectConfigurationPlatforms) = postSolution
		{D50891BF-02F5-47D6-AA6E-70C9A70ED690}.Debug|Any CPU.ActiveCfg = Debug|Any CPU
		{D50891BF-02F5-47D6-AA6E-70C9A70ED690}.Debug|Any CPU.Build.0 = Debug|Any CPU
		{D50891BF-02F5-47D6-AA6E-70C9A70ED690}.Release|Any CPU.ActiveCfg = Release|Any CPU
		{D50891BF-02F5-47D6-AA6E-70C9A70ED690}.Release|Any CPU.Build.0 = Release|Any CPU
		{8CA78809-2DC7-4979-800B-A98E4F123EAB}.Debug|Any CPU.ActiveCfg = Debug|Any CPU
		{8CA78809-2DC7-4979-800B-A98E4F123EAB}.Debug|Any CPU.Build.0 = Debug|Any CPU
		{8CA78809-2DC7-4979-800B-A98E4F123EAB}.Release|Any CPU.ActiveCfg = Release|Any CPU
		{8CA78809-2DC7-4979-800B-A98E4F123EAB}.Release|Any CPU.Build.0 = Release|Any CPU
	EndGlobalSection
	GlobalSection(SolutionProperties) = preSolution
		HideSolutionNode = FALSE
	EndGlobalSection
	GlobalSection(ExtensibilityGlobals) = postSolution
		SolutionGuid = {068D4732-2201-4F3F-ACBD-77BC41E4741C}
	EndGlobalSection
EndGlobal
